
Microsoft Visual Studio Solution File, Format Version 12.00
# Visual Studio Version 17
VisualStudioVersion = 17.10.34928.147
MinimumVisualStudioVersion = 10.0.40219.1
Project("{9A19103F-16F7-4668-BE54-9A1E7A4F7556}") = "Petalaka.ApiGateWay", "Petalaka.ApiGateWay\Petalaka.ApiGateWay.csproj", "{485214FE-EF2B-4D03-A86E-DCEC8E2E0BA3}"
EndProject
Project("{E53339B2-1760-4266-BCC7-CA923CBCF16C}") = "docker-compose", "docker-compose.dcproj", "{517EA41F-DB4C-4A34-9A47-65179F6A21B3}"
EndProject
Global
	GlobalSection(SolutionConfigurationPlatforms) = preSolution
		Debug|Any CPU = Debug|Any CPU
		Release|Any CPU = Release|Any CPU
	EndGlobalSection
	GlobalSection(ProjectConfigurationPlatforms) = postSolution
		{485214FE-EF2B-4D03-A86E-DCEC8E2E0BA3}.Debug|Any CPU.ActiveCfg = Debug|Any CPU
		{485214FE-EF2B-4D03-A86E-DCEC8E2E0BA3}.Debug|Any CPU.Build.0 = Debug|Any CPU
		{485214FE-EF2B-4D03-A86E-DCEC8E2E0BA3}.Release|Any CPU.ActiveCfg = Release|Any CPU
		{485214FE-EF2B-4D03-A86E-DCEC8E2E0BA3}.Release|Any CPU.Build.0 = Release|Any CPU
		{517EA41F-DB4C-4A34-9A47-65179F6A21B3}.Debug|Any CPU.ActiveCfg = Debug|Any CPU
		{517EA41F-DB4C-4A34-9A47-65179F6A21B3}.Debug|Any CPU.Build.0 = Debug|Any CPU
		{517EA41F-DB4C-4A34-9A47-65179F6A21B3}.Release|Any CPU.ActiveCfg = Release|Any CPU
		{517EA41F-DB4C-4A34-9A47-65179F6A21B3}.Release|Any CPU.Build.0 = Release|Any CPU
	EndGlobalSection
	GlobalSection(SolutionProperties) = preSolution
		HideSolutionNode = FALSE
	EndGlobalSection
	GlobalSection(ExtensibilityGlobals) = postSolution
		SolutionGuid = {F7330AE5-5A14-48E8-ADCE-D8325E03FFD7}
	EndGlobalSection
EndGlobal
